
Microsoft Visual Studio Solution File, Format Version 12.00
Project("{FAE04EC0-301F-11D3-BF4B-00C04F79EFBC}") = "TriggersExt", "TriggersExt\TriggersExt.csproj", "{E9799190-39EA-4FC9-8653-060DB5429778}"
EndProject
Global
	GlobalSection(SolutionConfigurationPlatforms) = preSolution
		Release|Any CPU = Release|Any CPU
	EndGlobalSection
	GlobalSection(ProjectConfigurationPlatforms) = postSolution
		{E9799190-39EA-4FC9-8653-060DB5429778}.Release|Any CPU.ActiveCfg = Release|Any CPU
		{E9799190-39EA-4FC9-8653-060DB5429778}.Release|Any CPU.Build.0 = Release|Any CPU
	EndGlobalSection
EndGlobal
